
Microsoft Visual Studio Solution File, Format Version 12.00
# Visual Studio Version 16
VisualStudioVersion = 16.0.28922.388
MinimumVisualStudioVersion = 10.0.40219.1
Project("{9A19103F-16F7-4668-BE54-9A1E7A4F7556}") = "Domain", "Domain\Domain.csproj", "{AE8749D7-B3CB-4982-AB25-F1FD8FBB53E6}"
EndProject
Project("{9A19103F-16F7-4668-BE54-9A1E7A4F7556}") = "EfDataAccess", "EfDataAccess\EfDataAccess.csproj", "{412D19D9-BE2C-43AB-96FD-EBFEA8343CB5}"
EndProject
Project("{9A19103F-16F7-4668-BE54-9A1E7A4F7556}") = "EfCommands", "EfCommands\EfCommands.csproj", "{3F99EA28-7293-4921-A8F2-61B327FADFBF}"
EndProject
Project("{9A19103F-16F7-4668-BE54-9A1E7A4F7556}") = "Application", "Application\Application.csproj", "{D9E93FFB-A393-4A0A-B1F8-937672C62A31}"
EndProject
Project("{9A19103F-16F7-4668-BE54-9A1E7A4F7556}") = "Api", "Api\Api.csproj", "{C1F2508F-4D83-49C6-99CA-AD01AE7D5FAA}"
EndProject
Project("{9A19103F-16F7-4668-BE54-9A1E7A4F7556}") = "Web", "Web\Web.csproj", "{627F1979-ADC5-4817-BA65-216C7700E6ED}"
EndProject
Project("{2150E333-8FDC-42A3-9474-1A3956D46DE8}") = "Dokumentacija", "Dokumentacija", "{2A5ED43A-AEB1-49B7-AA22-E2A032271E7F}"
	ProjectSection(SolutionItems) = preProject
		..\..\..\Desktop\ASP-DOC.pdf = ..\..\..\Desktop\ASP-DOC.pdf
	EndProjectSection
EndProject
Project("{FAE04EC0-301F-11D3-BF4B-00C04F79EFBC}") = "DBSeeder", "DBSeeder\DBSeeder.csproj", "{B296BA0D-67C2-4793-B98D-6695B0117617}"
EndProject
Global
	GlobalSection(SolutionConfigurationPlatforms) = preSolution
		Debug|Any CPU = Debug|Any CPU
		Release|Any CPU = Release|Any CPU
	EndGlobalSection
	GlobalSection(ProjectConfigurationPlatforms) = postSolution
		{AE8749D7-B3CB-4982-AB25-F1FD8FBB53E6}.Debug|Any CPU.ActiveCfg = Debug|Any CPU
		{AE8749D7-B3CB-4982-AB25-F1FD8FBB53E6}.Debug|Any CPU.Build.0 = Debug|Any CPU
		{AE8749D7-B3CB-4982-AB25-F1FD8FBB53E6}.Release|Any CPU.ActiveCfg = Release|Any CPU
		{AE8749D7-B3CB-4982-AB25-F1FD8FBB53E6}.Release|Any CPU.Build.0 = Release|Any CPU
		{412D19D9-BE2C-43AB-96FD-EBFEA8343CB5}.Debug|Any CPU.ActiveCfg = Debug|Any CPU
		{412D19D9-BE2C-43AB-96FD-EBFEA8343CB5}.Debug|Any CPU.Build.0 = Debug|Any CPU
		{412D19D9-BE2C-43AB-96FD-EBFEA8343CB5}.Release|Any CPU.ActiveCfg = Release|Any CPU
		{412D19D9-BE2C-43AB-96FD-EBFEA8343CB5}.Release|Any CPU.Build.0 = Release|Any CPU
		{3F99EA28-7293-4921-A8F2-61B327FADFBF}.Debug|Any CPU.ActiveCfg = Debug|Any CPU
		{3F99EA28-7293-4921-A8F2-61B327FADFBF}.Debug|Any CPU.Build.0 = Debug|Any CPU
		{3F99EA28-7293-4921-A8F2-61B327FADFBF}.Release|Any CPU.ActiveCfg = Release|Any CPU
		{3F99EA28-7293-4921-A8F2-61B327FADFBF}.Release|Any CPU.Build.0 = Release|Any CPU
		{D9E93FFB-A393-4A0A-B1F8-937672C62A31}.Debug|Any CPU.ActiveCfg = Debug|Any CPU
		{D9E93FFB-A393-4A0A-B1F8-937672C62A31}.Debug|Any CPU.Build.0 = Debug|Any CPU
		{D9E93FFB-A393-4A0A-B1F8-937672C62A31}.Release|Any CPU.ActiveCfg = Release|Any CPU
		{D9E93FFB-A393-4A0A-B1F8-937672C62A31}.Release|Any CPU.Build.0 = Release|Any CPU
		{C1F2508F-4D83-49C6-99CA-AD01AE7D5FAA}.Debug|Any CPU.ActiveCfg = Debug|Any CPU
		{C1F2508F-4D83-49C6-99CA-AD01AE7D5FAA}.Debug|Any CPU.Build.0 = Debug|Any CPU
		{C1F2508F-4D83-49C6-99CA-AD01AE7D5FAA}.Release|Any CPU.ActiveCfg = Release|Any CPU
		{C1F2508F-4D83-49C6-99CA-AD01AE7D5FAA}.Release|Any CPU.Build.0 = Release|Any CPU
		{627F1979-ADC5-4817-BA65-216C7700E6ED}.Debug|Any CPU.ActiveCfg = Debug|Any CPU
		{627F1979-ADC5-4817-BA65-216C7700E6ED}.Debug|Any CPU.Build.0 = Debug|Any CPU
		{627F1979-ADC5-4817-BA65-216C7700E6ED}.Release|Any CPU.ActiveCfg = Release|Any CPU
		{627F1979-ADC5-4817-BA65-216C7700E6ED}.Release|Any CPU.Build.0 = Release|Any CPU
		{B296BA0D-67C2-4793-B98D-6695B0117617}.Debug|Any CPU.ActiveCfg = Debug|Any CPU
		{B296BA0D-67C2-4793-B98D-6695B0117617}.Debug|Any CPU.Build.0 = Debug|Any CPU
		{B296BA0D-67C2-4793-B98D-6695B0117617}.Release|Any CPU.ActiveCfg = Release|Any CPU
		{B296BA0D-67C2-4793-B98D-6695B0117617}.Release|Any CPU.Build.0 = Release|Any CPU
	EndGlobalSection
	GlobalSection(SolutionProperties) = preSolution
		HideSolutionNode = FALSE
	EndGlobalSection
	GlobalSection(ExtensibilityGlobals) = postSolution
		SolutionGuid = {175339EE-19D5-48E2-AFB6-BC812E0185C7}
	EndGlobalSection
EndGlobal
